// !$*UTF8*$!
{
	archiveVersion = 1;
	classes = {
	};
	objectVersion = 46;
	objects = {

/* Begin PBXBuildFile section */
		C60738EA1BDACB7B009E5167 /* AppDelegate.swift in Sources */ = {isa = PBXBuildFile; fileRef = C60738E91BDACB7B009E5167 /* AppDelegate.swift */; };
		C60738EC1BDACB7B009E5167 /* ViewController.swift in Sources */ = {isa = PBXBuildFile; fileRef = C60738EB1BDACB7B009E5167 /* ViewController.swift */; };
		C60738EF1BDACB7B009E5167 /* Main.storyboard in Resources */ = {isa = PBXBuildFile; fileRef = C60738ED1BDACB7B009E5167 /* Main.storyboard */; };
		C60738F11BDACB7B009E5167 /* Assets.xcassets in Resources */ = {isa = PBXBuildFile; fileRef = C60738F01BDACB7B009E5167 /* Assets.xcassets */; };
		C60738F41BDACB7B009E5167 /* LaunchScreen.storyboard in Resources */ = {isa = PBXBuildFile; fileRef = C60738F21BDACB7B009E5167 /* LaunchScreen.storyboard */; };
		C6C03F941BDB1F9900C96D41 /* Bolts.framework in Frameworks */ = {isa = PBXBuildFile; fileRef = C6C03F8D1BDB1F9900C96D41 /* Bolts.framework */; };
		C6C03F951BDB1F9900C96D41 /* Parse.framework in Frameworks */ = {isa = PBXBuildFile; fileRef = C6C03F8E1BDB1F9900C96D41 /* Parse.framework */; };
		C6C03F961BDB1F9900C96D41 /* ParseCrashReporting.framework in Frameworks */ = {isa = PBXBuildFile; fileRef = C6C03F8F1BDB1F9900C96D41 /* ParseCrashReporting.framework */; };
		C6C03F971BDB1F9900C96D41 /* ParseFacebookUtils.framework in Frameworks */ = {isa = PBXBuildFile; fileRef = C6C03F901BDB1F9900C96D41 /* ParseFacebookUtils.framework */; };
		C6C03F981BDB1F9900C96D41 /* ParseFacebookUtilsV4.framework in Frameworks */ = {isa = PBXBuildFile; fileRef = C6C03F911BDB1F9900C96D41 /* ParseFacebookUtilsV4.framework */; };
		C6C03F991BDB1F9900C96D41 /* ParseTwitterUtils.framework in Frameworks */ = {isa = PBXBuildFile; fileRef = C6C03F921BDB1F9900C96D41 /* ParseTwitterUtils.framework */; };
		C6C03F9A1BDB1F9900C96D41 /* ParseUI.framework in Frameworks */ = {isa = PBXBuildFile; fileRef = C6C03F931BDB1F9900C96D41 /* ParseUI.framework */; };
		C6C03F9C1BDB1FAA00C96D41 /* AudioToolbox.framework in Frameworks */ = {isa = PBXBuildFile; fileRef = C6C03F9B1BDB1FAA00C96D41 /* AudioToolbox.framework */; };
		C6C03F9E1BDB1FB800C96D41 /* CFNetwork.framework in Frameworks */ = {isa = PBXBuildFile; fileRef = C6C03F9D1BDB1FB800C96D41 /* CFNetwork.framework */; };
		C6C03FA11BDB1FC100C96D41 /* CoreGraphics.framework in Frameworks */ = {isa = PBXBuildFile; fileRef = C6C03F9F1BDB1FC100C96D41 /* CoreGraphics.framework */; };
		C6C03FA21BDB1FC100C96D41 /* CoreLocation.framework in Frameworks */ = {isa = PBXBuildFile; fileRef = C6C03FA01BDB1FC100C96D41 /* CoreLocation.framework */; };
		C6C03FA41BDB1FC800C96D41 /* QuartzCore.framework in Frameworks */ = {isa = PBXBuildFile; fileRef = C6C03FA31BDB1FC800C96D41 /* QuartzCore.framework */; };
		C6C03FA61BDB1FD000C96D41 /* Security.framework in Frameworks */ = {isa = PBXBuildFile; fileRef = C6C03FA51BDB1FD000C96D41 /* Security.framework */; };
		C6C03FA81BDB1FD500C96D41 /* StoreKit.framework in Frameworks */ = {isa = PBXBuildFile; fileRef = C6C03FA71BDB1FD500C96D41 /* StoreKit.framework */; };
		C6C03FAA1BDB1FE400C96D41 /* SystemConfiguration.framework in Frameworks */ = {isa = PBXBuildFile; fileRef = C6C03FA91BDB1FE400C96D41 /* SystemConfiguration.framework */; };
		C6C03FAF1BDB1FEE00C96D41 /* libz.1.1.3.tbd in Frameworks */ = {isa = PBXBuildFile; fileRef = C6C03FAB1BDB1FEE00C96D41 /* libz.1.1.3.tbd */; };
		C6C03FB01BDB1FEE00C96D41 /* libz.1.2.5.tbd in Frameworks */ = {isa = PBXBuildFile; fileRef = C6C03FAC1BDB1FEE00C96D41 /* libz.1.2.5.tbd */; };
		C6C03FB11BDB1FEE00C96D41 /* libz.1.tbd in Frameworks */ = {isa = PBXBuildFile; fileRef = C6C03FAD1BDB1FEE00C96D41 /* libz.1.tbd */; };
		C6C03FB21BDB1FEE00C96D41 /* libz.tbd in Frameworks */ = {isa = PBXBuildFile; fileRef = C6C03FAE1BDB1FEE00C96D41 /* libz.tbd */; };
		C6C03FB51BDB1FFE00C96D41 /* libsqlite3.0.tbd in Frameworks */ = {isa = PBXBuildFile; fileRef = C6C03FB31BDB1FFE00C96D41 /* libsqlite3.0.tbd */; };
		C6C03FB61BDB1FFE00C96D41 /* libsqlite3.tbd in Frameworks */ = {isa = PBXBuildFile; fileRef = C6C03FB41BDB1FFE00C96D41 /* libsqlite3.tbd */; };
/* End PBXBuildFile section */

/* Begin PBXFileReference section */
		C60738E61BDACB7B009E5167 /* ChatApp.app */ = {isa = PBXFileReference; explicitFileType = wrapper.application; includeInIndex = 0; path = ChatApp.app; sourceTree = BUILT_PRODUCTS_DIR; };
		C60738E91BDACB7B009E5167 /* AppDelegate.swift */ = {isa = PBXFileReference; lastKnownFileType = sourcecode.swift; path = AppDelegate.swift; sourceTree = "<group>"; };
		C60738EB1BDACB7B009E5167 /* ViewController.swift */ = {isa = PBXFileReference; lastKnownFileType = sourcecode.swift; path = ViewController.swift; sourceTree = "<group>"; };
		C60738EE1BDACB7B009E5167 /* Base */ = {isa = PBXFileReference; lastKnownFileType = file.storyboard; name = Base; path = Base.lproj/Main.storyboard; sourceTree = "<group>"; };
		C60738F01BDACB7B009E5167 /* Assets.xcassets */ = {isa = PBXFileReference; lastKnownFileType = folder.assetcatalog; path = Assets.xcassets; sourceTree = "<group>"; };
		C60738F31BDACB7B009E5167 /* Base */ = {isa = PBXFileReference; lastKnownFileType = file.storyboard; name = Base; path = Base.lproj/LaunchScreen.storyboard; sourceTree = "<group>"; };
		C60738F51BDACB7B009E5167 /* Info.plist */ = {isa = PBXFileReference; lastKnownFileType = text.plist.xml; path = Info.plist; sourceTree = "<group>"; };
		C6C03F8D1BDB1F9900C96D41 /* Bolts.framework */ = {isa = PBXFileReference; lastKnownFileType = wrapper.framework; path = Bolts.framework; sourceTree = "<group>"; };
		C6C03F8E1BDB1F9900C96D41 /* Parse.framework */ = {isa = PBXFileReference; lastKnownFileType = wrapper.framework; path = Parse.framework; sourceTree = "<group>"; };
		C6C03F8F1BDB1F9900C96D41 /* ParseCrashReporting.framework */ = {isa = PBXFileReference; lastKnownFileType = wrapper.framework; path = ParseCrashReporting.framework; sourceTree = "<group>"; };
		C6C03F901BDB1F9900C96D41 /* ParseFacebookUtils.framework */ = {isa = PBXFileReference; lastKnownFileType = wrapper.framework; path = ParseFacebookUtils.framework; sourceTree = "<group>"; };
		C6C03F911BDB1F9900C96D41 /* ParseFacebookUtilsV4.framework */ = {isa = PBXFileReference; lastKnownFileType = wrapper.framework; path = ParseFacebookUtilsV4.framework; sourceTree = "<group>"; };
		C6C03F921BDB1F9900C96D41 /* ParseTwitterUtils.framework */ = {isa = PBXFileReference; lastKnownFileType = wrapper.framework; path = ParseTwitterUtils.framework; sourceTree = "<group>"; };
		C6C03F931BDB1F9900C96D41 /* ParseUI.framework */ = {isa = PBXFileReference; lastKnownFileType = wrapper.framework; path = ParseUI.framework; sourceTree = "<group>"; };
		C6C03F9B1BDB1FAA00C96D41 /* AudioToolbox.framework */ = {isa = PBXFileReference; lastKnownFileType = wrapper.framework; name = AudioToolbox.framework; path = System/Library/Frameworks/AudioToolbox.framework; sourceTree = SDKROOT; };
		C6C03F9D1BDB1FB800C96D41 /* CFNetwork.framework */ = {isa = PBXFileReference; lastKnownFileType = wrapper.framework; name = CFNetwork.framework; path = System/Library/Frameworks/CFNetwork.framework; sourceTree = SDKROOT; };
		C6C03F9F1BDB1FC100C96D41 /* CoreGraphics.framework */ = {isa = PBXFileReference; lastKnownFileType = wrapper.framework; name = CoreGraphics.framework; path = System/Library/Frameworks/CoreGraphics.framework; sourceTree = SDKROOT; };
		C6C03FA01BDB1FC100C96D41 /* CoreLocation.framework */ = {isa = PBXFileReference; lastKnownFileType = wrapper.framework; name = CoreLocation.framework; path = System/Library/Frameworks/CoreLocation.framework; sourceTree = SDKROOT; };
		C6C03FA31BDB1FC800C96D41 /* QuartzCore.framework */ = {isa = PBXFileReference; lastKnownFileType = wrapper.framework; name = QuartzCore.framework; path = System/Library/Frameworks/QuartzCore.framework; sourceTree = SDKROOT; };
		C6C03FA51BDB1FD000C96D41 /* Security.framework */ = {isa = PBXFileReference; lastKnownFileType = wrapper.framework; name = Security.framework; path = System/Library/Frameworks/Security.framework; sourceTree = SDKROOT; };
		C6C03FA71BDB1FD500C96D41 /* StoreKit.framework */ = {isa = PBXFileReference; lastKnownFileType = wrapper.framework; name = StoreKit.framework; path = System/Library/Frameworks/StoreKit.framework; sourceTree = SDKROOT; };
		C6C03FA91BDB1FE400C96D41 /* SystemConfiguration.framework */ = {isa = PBXFileReference; lastKnownFileType = wrapper.framework; name = SystemConfiguration.framework; path = System/Library/Frameworks/SystemConfiguration.framework; sourceTree = SDKROOT; };
		C6C03FAB1BDB1FEE00C96D41 /* libz.1.1.3.tbd */ = {isa = PBXFileReference; lastKnownFileType = "sourcecode.text-based-dylib-definition"; name = libz.1.1.3.tbd; path = usr/lib/libz.1.1.3.tbd; sourceTree = SDKROOT; };
		C6C03FAC1BDB1FEE00C96D41 /* libz.1.2.5.tbd */ = {isa = PBXFileReference; lastKnownFileType = "sourcecode.text-based-dylib-definition"; name = libz.1.2.5.tbd; path = usr/lib/libz.1.2.5.tbd; sourceTree = SDKROOT; };
		C6C03FAD1BDB1FEE00C96D41 /* libz.1.tbd */ = {isa = PBXFileReference; lastKnownFileType = "sourcecode.text-based-dylib-definition"; name = libz.1.tbd; path = usr/lib/libz.1.tbd; sourceTree = SDKROOT; };
		C6C03FAE1BDB1FEE00C96D41 /* libz.tbd */ = {isa = PBXFileReference; lastKnownFileType = "sourcecode.text-based-dylib-definition"; name = libz.tbd; path = usr/lib/libz.tbd; sourceTree = SDKROOT; };
		C6C03FB31BDB1FFE00C96D41 /* libsqlite3.0.tbd */ = {isa = PBXFileReference; lastKnownFileType = "sourcecode.text-based-dylib-definition"; name = libsqlite3.0.tbd; path = usr/lib/libsqlite3.0.tbd; sourceTree = SDKROOT; };
		C6C03FB41BDB1FFE00C96D41 /* libsqlite3.tbd */ = {isa = PBXFileReference; lastKnownFileType = "sourcecode.text-based-dylib-definition"; name = libsqlite3.tbd; path = usr/lib/libsqlite3.tbd; sourceTree = SDKROOT; };
/* End PBXFileReference section */

/* Begin PBXFrameworksBuildPhase section */
		C60738E31BDACB7B009E5167 /* Frameworks */ = {
			isa = PBXFrameworksBuildPhase;
			buildActionMask = 2147483647;
			files = (
				C6C03FB51BDB1FFE00C96D41 /* libsqlite3.0.tbd in Frameworks */,
				C6C03FB61BDB1FFE00C96D41 /* libsqlite3.tbd in Frameworks */,
				C6C03FAF1BDB1FEE00C96D41 /* libz.1.1.3.tbd in Frameworks */,
				C6C03FB01BDB1FEE00C96D41 /* libz.1.2.5.tbd in Frameworks */,
				C6C03FB11BDB1FEE00C96D41 /* libz.1.tbd in Frameworks */,
				C6C03FB21BDB1FEE00C96D41 /* libz.tbd in Frameworks */,
				C6C03FAA1BDB1FE400C96D41 /* SystemConfiguration.framework in Frameworks */,
				C6C03FA81BDB1FD500C96D41 /* StoreKit.framework in Frameworks */,
				C6C03FA61BDB1FD000C96D41 /* Security.framework in Frameworks */,
				C6C03FA41BDB1FC800C96D41 /* QuartzCore.framework in Frameworks */,
				C6C03FA11BDB1FC100C96D41 /* CoreGraphics.framework in Frameworks */,
				C6C03FA21BDB1FC100C96D41 /* CoreLocation.framework in Frameworks */,
				C6C03F9E1BDB1FB800C96D41 /* CFNetwork.framework in Frameworks */,
				C6C03F9C1BDB1FAA00C96D41 /* AudioToolbox.framework in Frameworks */,
				C6C03F951BDB1F9900C96D41 /* Parse.framework in Frameworks */,
				C6C03F961BDB1F9900C96D41 /* ParseCrashReporting.framework in Frameworks */,
				C6C03F9A1BDB1F9900C96D41 /* ParseUI.framework in Frameworks */,
				C6C03F971BDB1F9900C96D41 /* ParseFacebookUtils.framework in Frameworks */,
				C6C03F941BDB1F9900C96D41 /* Bolts.framework in Frameworks */,
				C6C03F991BDB1F9900C96D41 /* ParseTwitterUtils.framework in Frameworks */,
				C6C03F981BDB1F9900C96D41 /* ParseFacebookUtilsV4.framework in Frameworks */,
			);
			runOnlyForDeploymentPostprocessing = 0;
		};
/* End PBXFrameworksBuildPhase section */

/* Begin PBXGroup section */
		C60738DD1BDACB7B009E5167 = {
			isa = PBXGroup;
			children = (
				C6C03F661BDB1AAC00C96D41 /* Frameworks */,
				C60738E81BDACB7B009E5167 /* ChatApp */,
				C60738E71BDACB7B009E5167 /* Products */,
			);
			sourceTree = "<group>";
		};
		C60738E71BDACB7B009E5167 /* Products */ = {
			isa = PBXGroup;
			children = (
				C60738E61BDACB7B009E5167 /* ChatApp.app */,
			);
			name = Products;
			sourceTree = "<group>";
		};
		C60738E81BDACB7B009E5167 /* ChatApp */ = {
			isa = PBXGroup;
			children = (
				C60738E91BDACB7B009E5167 /* AppDelegate.swift */,
				C60738EB1BDACB7B009E5167 /* ViewController.swift */,
				C60738ED1BDACB7B009E5167 /* Main.storyboard */,
				C60738F01BDACB7B009E5167 /* Assets.xcassets */,
				C60738F21BDACB7B009E5167 /* LaunchScreen.storyboard */,
				C60738F51BDACB7B009E5167 /* Info.plist */,
			);
			path = ChatApp;
			sourceTree = "<group>";
		};
		C6C03F661BDB1AAC00C96D41 /* Frameworks */ = {
			isa = PBXGroup;
			children = (
				C6C03F8C1BDB1F9900C96D41 /* parse-library-1.9.0 */,
				C6C03F8B1BDB1F4D00C96D41 /* from iOS */,
			);
			name = Frameworks;
			path = ChatApp;
			sourceTree = "<group>";
		};
		C6C03F8B1BDB1F4D00C96D41 /* from iOS */ = {
			isa = PBXGroup;
			children = (
				C6C03FB31BDB1FFE00C96D41 /* libsqlite3.0.tbd */,
				C6C03FB41BDB1FFE00C96D41 /* libsqlite3.tbd */,
				C6C03FAB1BDB1FEE00C96D41 /* libz.1.1.3.tbd */,
				C6C03FAC1BDB1FEE00C96D41 /* libz.1.2.5.tbd */,
				C6C03FAD1BDB1FEE00C96D41 /* libz.1.tbd */,
				C6C03FAE1BDB1FEE00C96D41 /* libz.tbd */,
				C6C03FA91BDB1FE400C96D41 /* SystemConfiguration.framework */,
				C6C03FA71BDB1FD500C96D41 /* StoreKit.framework */,
				C6C03FA51BDB1FD000C96D41 /* Security.framework */,
				C6C03FA31BDB1FC800C96D41 /* QuartzCore.framework */,
				C6C03F9F1BDB1FC100C96D41 /* CoreGraphics.framework */,
				C6C03FA01BDB1FC100C96D41 /* CoreLocation.framework */,
				C6C03F9D1BDB1FB800C96D41 /* CFNetwork.framework */,
				C6C03F9B1BDB1FAA00C96D41 /* AudioToolbox.framework */,
			);
			name = "from iOS";
			sourceTree = "<group>";
		};
		C6C03F8C1BDB1F9900C96D41 /* parse-library-1.9.0 */ = {
			isa = PBXGroup;
			children = (
				C6C03F8D1BDB1F9900C96D41 /* Bolts.framework */,
				C6C03F8E1BDB1F9900C96D41 /* Parse.framework */,
				C6C03F8F1BDB1F9900C96D41 /* ParseCrashReporting.framework */,
				C6C03F901BDB1F9900C96D41 /* ParseFacebookUtils.framework */,
				C6C03F911BDB1F9900C96D41 /* ParseFacebookUtilsV4.framework */,
				C6C03F921BDB1F9900C96D41 /* ParseTwitterUtils.framework */,
				C6C03F931BDB1F9900C96D41 /* ParseUI.framework */,
			);
			path = "parse-library-1.9.0";
			sourceTree = "<group>";
		};
/* End PBXGroup section */

/* Begin PBXNativeTarget section */
		C60738E51BDACB7B009E5167 /* ChatApp */ = {
			isa = PBXNativeTarget;
			buildConfigurationList = C60738F81BDACB7B009E5167 /* Build configuration list for PBXNativeTarget "ChatApp" */;
			buildPhases = (
				C60738E21BDACB7B009E5167 /* Sources */,
				C60738E31BDACB7B009E5167 /* Frameworks */,
				C60738E41BDACB7B009E5167 /* Resources */,
			);
			buildRules = (
			);
			dependencies = (
			);
			name = ChatApp;
			productName = ChatApp;
			productReference = C60738E61BDACB7B009E5167 /* ChatApp.app */;
			productType = "com.apple.product-type.application";
		};
/* End PBXNativeTarget section */

/* Begin PBXProject section */
		C60738DE1BDACB7B009E5167 /* Project object */ = {
			isa = PBXProject;
			attributes = {
				LastSwiftUpdateCheck = 0710;
				LastUpgradeCheck = 0710;
				ORGANIZATIONNAME = "Rodrigo A E Miyashiro";
				TargetAttributes = {
					C60738E51BDACB7B009E5167 = {
						CreatedOnToolsVersion = 7.1;
						DevelopmentTeam = 4DRM7LH39Z;
					};
				};
			};
			buildConfigurationList = C60738E11BDACB7B009E5167 /* Build configuration list for PBXProject "ChatApp" */;
			compatibilityVersion = "Xcode 3.2";
			developmentRegion = English;
			hasScannedForEncodings = 0;
			knownRegions = (
				en,
				Base,
			);
			mainGroup = C60738DD1BDACB7B009E5167;
			productRefGroup = C60738E71BDACB7B009E5167 /* Products */;
			projectDirPath = "";
			projectRoot = "";
			targets = (
				C60738E51BDACB7B009E5167 /* ChatApp */,
			);
		};
/* End PBXProject section */

/* Begin PBXResourcesBuildPhase section */
		C60738E41BDACB7B009E5167 /* Resources */ = {
			isa = PBXResourcesBuildPhase;
			buildActionMask = 2147483647;
			files = (
				C60738F41BDACB7B009E5167 /* LaunchScreen.storyboard in Resources */,
				C60738F11BDACB7B009E5167 /* Assets.xcassets in Resources */,
				C60738EF1BDACB7B009E5167 /* Main.storyboard in Resources */,
			);
			runOnlyForDeploymentPostprocessing = 0;
		};
/* End PBXResourcesBuildPhase section */

/* Begin PBXSourcesBuildPhase section */
		C60738E21BDACB7B009E5167 /* Sources */ = {
			isa = PBXSourcesBuildPhase;
			buildActionMask = 2147483647;
			files = (
				C60738EC1BDACB7B009E5167 /* ViewController.swift in Sources */,
				C60738EA1BDACB7B009E5167 /* AppDelegate.swift in Sources */,
			);
			runOnlyForDeploymentPostprocessing = 0;
		};
/* End PBXSourcesBuildPhase section */

/* Begin PBXVariantGroup section */
		C60738ED1BDACB7B009E5167 /* Main.storyboard */ = {
			isa = PBXVariantGroup;
			children = (
				C60738EE1BDACB7B009E5167 /* Base */,
			);
			name = Main.storyboard;
			sourceTree = "<group>";
		};
		C60738F21BDACB7B009E5167 /* LaunchScreen.storyboard */ = {
			isa = PBXVariantGroup;
			children = (
				C60738F31BDACB7B009E5167 /* Base */,
			);
			name = LaunchScreen.storyboard;
			sourceTree = "<group>";
		};
/* End PBXVariantGroup section */

/* Begin XCBuildConfiguration section */
		C60738F61BDACB7B009E5167 /* Debug */ = {
			isa = XCBuildConfiguration;
			buildSettings = {
				ALWAYS_SEARCH_USER_PATHS = NO;
				CLANG_CXX_LANGUAGE_STANDARD = "gnu++0x";
				CLANG_CXX_LIBRARY = "libc++";
				CLANG_ENABLE_MODULES = YES;
				CLANG_ENABLE_OBJC_ARC = YES;
				CLANG_WARN_BOOL_CONVERSION = YES;
				CLANG_WARN_CONSTANT_CONVERSION = YES;
				CLANG_WARN_DIRECT_OBJC_ISA_USAGE = YES_ERROR;
				CLANG_WARN_EMPTY_BODY = YES;
				CLANG_WARN_ENUM_CONVERSION = YES;
				CLANG_WARN_INT_CONVERSION = YES;
				CLANG_WARN_OBJC_ROOT_CLASS = YES_ERROR;
				CLANG_WARN_UNREACHABLE_CODE = YES;
				CLANG_WARN__DUPLICATE_METHOD_MATCH = YES;
				"CODE_SIGN_IDENTITY[sdk=iphoneos*]" = "iPhone Developer";
				COPY_PHASE_STRIP = NO;
				DEBUG_INFORMATION_FORMAT = dwarf;
				ENABLE_STRICT_OBJC_MSGSEND = YES;
				ENABLE_TESTABILITY = YES;
				GCC_C_LANGUAGE_STANDARD = gnu99;
				GCC_DYNAMIC_NO_PIC = NO;
				GCC_NO_COMMON_BLOCKS = YES;
				GCC_OPTIMIZATION_LEVEL = 0;
				GCC_PREPROCESSOR_DEFINITIONS = (
					"DEBUG=1",
					"$(inherited)",
				);
				GCC_WARN_64_TO_32_BIT_CONVERSION = YES;
				GCC_WARN_ABOUT_RETURN_TYPE = YES_ERROR;
				GCC_WARN_UNDECLARED_SELECTOR = YES;
				GCC_WARN_UNINITIALIZED_AUTOS = YES_AGGRESSIVE;
				GCC_WARN_UNUSED_FUNCTION = YES;
				GCC_WARN_UNUSED_VARIABLE = YES;
				IPHONEOS_DEPLOYMENT_TARGET = 9.1;
				MTL_ENABLE_DEBUG_INFO = YES;
				ONLY_ACTIVE_ARCH = YES;
				SDKROOT = iphoneos;
				SWIFT_OPTIMIZATION_LEVEL = "-Onone";
			};
			name = Debug;
		};
		C60738F71BDACB7B009E5167 /* Release */ = {
			isa = XCBuildConfiguration;
			buildSettings = {
				ALWAYS_SEARCH_USER_PATHS = NO;
				CLANG_CXX_LANGUAGE_STANDARD = "gnu++0x";
				CLANG_CXX_LIBRARY = "libc++";
				CLANG_ENABLE_MODULES = YES;
				CLANG_ENABLE_OBJC_ARC = YES;
				CLANG_WARN_BOOL_CONVERSION = YES;
				CLANG_WARN_CONSTANT_CONVERSION = YES;
				CLANG_WARN_DIRECT_OBJC_ISA_USAGE = YES_ERROR;
				CLANG_WARN_EMPTY_BODY = YES;
				CLANG_WARN_ENUM_CONVERSION = YES;
				CLANG_WARN_INT_CONVERSION = YES;
				CLANG_WARN_OBJC_ROOT_CLASS = YES_ERROR;
				CLANG_WARN_UNREACHABLE_CODE = YES;
				CLANG_WARN__DUPLICATE_METHOD_MATCH = YES;
				"CODE_SIGN_IDENTITY[sdk=iphoneos*]" = "iPhone Developer";
				COPY_PHASE_STRIP = NO;
				DEBUG_INFORMATION_FORMAT = "dwarf-with-dsym";
				ENABLE_NS_ASSERTIONS = NO;
				ENABLE_STRICT_OBJC_MSGSEND = YES;
				GCC_C_LANGUAGE_STANDARD = gnu99;
				GCC_NO_COMMON_BLOCKS = YES;
				GCC_WARN_64_TO_32_BIT_CONVERSION = YES;
				GCC_WARN_ABOUT_RETURN_TYPE = YES_ERROR;
				GCC_WARN_UNDECLARED_SELECTOR = YES;
				GCC_WARN_UNINITIALIZED_AUTOS = YES_AGGRESSIVE;
				GCC_WARN_UNUSED_FUNCTION = YES;
				GCC_WARN_UNUSED_VARIABLE = YES;
				IPHONEOS_DEPLOYMENT_TARGET = 9.1;
				MTL_ENABLE_DEBUG_INFO = NO;
				SDKROOT = iphoneos;
				VALIDATE_PRODUCT = YES;
			};
			name = Release;
		};
		C60738F91BDACB7B009E5167 /* Debug */ = {
			isa = XCBuildConfiguration;
			buildSettings = {
				ASSETCATALOG_COMPILER_APPICON_NAME = AppIcon;
				FRAMEWORK_SEARCH_PATHS = (
					"$(inherited)",
					"$(PROJECT_DIR)/ChatApp/parse-library-1.9.0",
				);
				INFOPLIST_FILE = ChatApp/Info.plist;
				LD_RUNPATH_SEARCH_PATHS = "$(inherited) @executable_path/Frameworks";
				PRODUCT_BUNDLE_IDENTIFIER = br.com.rmiyashiro.ChatApp;
				PRODUCT_NAME = "$(TARGET_NAME)";
			};
			name = Debug;
		};
		C60738FA1BDACB7B009E5167 /* Release */ = {
			isa = XCBuildConfiguration;
			buildSettings = {
				ASSETCATALOG_COMPILER_APPICON_NAME = AppIcon;
				FRAMEWORK_SEARCH_PATHS = (
					"$(inherited)",
					"$(PROJECT_DIR)/ChatApp/parse-library-1.9.0",
				);
				INFOPLIST_FILE = ChatApp/Info.plist;
				LD_RUNPATH_SEARCH_PATHS = "$(inherited) @executable_path/Frameworks";
				PRODUCT_BUNDLE_IDENTIFIER = br.com.rmiyashiro.ChatApp;
				PRODUCT_NAME = "$(TARGET_NAME)";
			};
			name = Release;
		};
/* End XCBuildConfiguration section */

/* Begin XCConfigurationList section */
		C60738E11BDACB7B009E5167 /* Build configuration list for PBXProject "ChatApp" */ = {
			isa = XCConfigurationList;
			buildConfigurations = (
				C60738F61BDACB7B009E5167 /* Debug */,
				C60738F71BDACB7B009E5167 /* Release */,
			);
			defaultConfigurationIsVisible = 0;
			defaultConfigurationName = Release;
		};
		C60738F81BDACB7B009E5167 /* Build configuration list for PBXNativeTarget "ChatApp" */ = {
			isa = XCConfigurationList;
			buildConfigurations = (
				C60738F91BDACB7B009E5167 /* Debug */,
				C60738FA1BDACB7B009E5167 /* Release */,
			);
			defaultConfigurationIsVisible = 0;
			defaultConfigurationName = Release;
		};
/* End XCConfigurationList section */
	};
	rootObject = C60738DE1BDACB7B009E5167 /* Project object */;
}
